
Microsoft Visual Studio Solution File, Format Version 12.00
# Visual Studio Version 17
VisualStudioVersion = 17.5.002.0
MinimumVisualStudioVersion = 10.0.40219.1
Project("{9A19103F-16F7-4668-BE54-9A1E7A4F7556}") = "Core", "Core\Core.csproj", "{49A0D15D-A6AE-41C1-929D-080E6884269B}"
EndProject
Project("{9A19103F-16F7-4668-BE54-9A1E7A4F7556}") = "Persistence", "Persistence\Persistence.csproj", "{72F31449-8CB8-4208-8EA4-7906995D8498}"
EndProject
Project("{9A19103F-16F7-4668-BE54-9A1E7A4F7556}") = "WebApi", "WebApi\WebApi.csproj", "{3069BF9A-5673-487D-A5E4-EC855759EB99}"
EndProject
Global
	GlobalSection(SolutionConfigurationPlatforms) = preSolution
		Debug|Any CPU = Debug|Any CPU
		Release|Any CPU = Release|Any CPU
	EndGlobalSection
	GlobalSection(ProjectConfigurationPlatforms) = postSolution
		{49A0D15D-A6AE-41C1-929D-080E6884269B}.Debug|Any CPU.ActiveCfg = Debug|Any CPU
		{49A0D15D-A6AE-41C1-929D-080E6884269B}.Debug|Any CPU.Build.0 = Debug|Any CPU
		{49A0D15D-A6AE-41C1-929D-080E6884269B}.Release|Any CPU.ActiveCfg = Release|Any CPU
		{49A0D15D-A6AE-41C1-929D-080E6884269B}.Release|Any CPU.Build.0 = Release|Any CPU
		{72F31449-8CB8-4208-8EA4-7906995D8498}.Debug|Any CPU.ActiveCfg = Debug|Any CPU
		{72F31449-8CB8-4208-8EA4-7906995D8498}.Debug|Any CPU.Build.0 = Debug|Any CPU
		{72F31449-8CB8-4208-8EA4-7906995D8498}.Release|Any CPU.ActiveCfg = Release|Any CPU
		{72F31449-8CB8-4208-8EA4-7906995D8498}.Release|Any CPU.Build.0 = Release|Any CPU
		{3069BF9A-5673-487D-A5E4-EC855759EB99}.Debug|Any CPU.ActiveCfg = Debug|Any CPU
		{3069BF9A-5673-487D-A5E4-EC855759EB99}.Debug|Any CPU.Build.0 = Debug|Any CPU
		{3069BF9A-5673-487D-A5E4-EC855759EB99}.Release|Any CPU.ActiveCfg = Release|Any CPU
		{3069BF9A-5673-487D-A5E4-EC855759EB99}.Release|Any CPU.Build.0 = Release|Any CPU
	EndGlobalSection
	GlobalSection(SolutionProperties) = preSolution
		HideSolutionNode = FALSE
	EndGlobalSection
	GlobalSection(ExtensibilityGlobals) = postSolution
		SolutionGuid = {FB0CE279-8A6F-4203-A37A-ED17B4B93046}
	EndGlobalSection
EndGlobal
